
Microsoft Visual Studio Solution File, Format Version 12.00
# Visual Studio Version 16
VisualStudioVersion = 16.0.31624.102
MinimumVisualStudioVersion = 10.0.40219.1
Project("{8BC9CEB8-8B4A-11D0-8D11-00A0C91BC942}") = "USD to BGN", "First Steps Exercise\First Steps Exercise.vcxproj", "{DBD2F2F5-6806-42EA-8D6D-1846E65F2F1C}"
EndProject
Project("{8BC9CEB8-8B4A-11D0-8D11-00A0C91BC942}") = "Radians to Degrees", "Radians to Degrees\Radians to Degrees.vcxproj", "{BAD46021-90F0-41B9-811D-1762DC1025D7}"
EndProject
Project("{8BC9CEB8-8B4A-11D0-8D11-00A0C91BC942}") = "Deposit Calculator", "Deposit Calculator\Deposit Calculator.vcxproj", "{537B0202-3891-4598-B65A-15B29F85137B}"
EndProject
Project("{8BC9CEB8-8B4A-11D0-8D11-00A0C91BC942}") = "Vacation Books List", "Vacation Books List\Vacation Books List.vcxproj", "{CB82DFB0-6125-498F-9DB2-1CF6E38B187C}"
EndProject
Project("{8BC9CEB8-8B4A-11D0-8D11-00A0C91BC942}") = "Supplies for School", "Supplies for School\Supplies for School.vcxproj", "{4E14BFDE-7EA0-4CBF-BF14-A6D4C4AE8A52}"
EndProject
Project("{8BC9CEB8-8B4A-11D0-8D11-00A0C91BC942}") = "Repainting", "Repainting\Repainting.vcxproj", "{049CBC3F-33B6-4F86-8325-16FC2DE1BF6A}"
EndProject
Project("{8BC9CEB8-8B4A-11D0-8D11-00A0C91BC942}") = "Food Delivery", "Food Delivery\Food Delivery.vcxproj", "{7C07EC8B-3512-40C8-AE74-CFD9E56761D0}"
EndProject
Project("{8BC9CEB8-8B4A-11D0-8D11-00A0C91BC942}") = "Basketball Equipment", "Basketball Equipment\Basketball Equipment.vcxproj", "{D9B117AA-EACB-4FCD-907D-B3B03E9B84FA}"
EndProject
Project("{8BC9CEB8-8B4A-11D0-8D11-00A0C91BC942}") = "Fish Tank", "Fish Tank\Fish Tank.vcxproj", "{3837ED6A-69DE-41C0-AEAC-E9B7050CABB2}"
EndProject
Global
	GlobalSection(SolutionConfigurationPlatforms) = preSolution
		Debug|x64 = Debug|x64
		Debug|x86 = Debug|x86
		Release|x64 = Release|x64
		Release|x86 = Release|x86
	EndGlobalSection
	GlobalSection(ProjectConfigurationPlatforms) = postSolution
		{DBD2F2F5-6806-42EA-8D6D-1846E65F2F1C}.Debug|x64.ActiveCfg = Debug|x64
		{DBD2F2F5-6806-42EA-8D6D-1846E65F2F1C}.Debug|x64.Build.0 = Debug|x64
		{DBD2F2F5-6806-42EA-8D6D-1846E65F2F1C}.Debug|x86.ActiveCfg = Debug|Win32
		{DBD2F2F5-6806-42EA-8D6D-1846E65F2F1C}.Debug|x86.Build.0 = Debug|Win32
		{DBD2F2F5-6806-42EA-8D6D-1846E65F2F1C}.Release|x64.ActiveCfg = Release|x64
		{DBD2F2F5-6806-42EA-8D6D-1846E65F2F1C}.Release|x64.Build.0 = Release|x64
		{DBD2F2F5-6806-42EA-8D6D-1846E65F2F1C}.Release|x86.ActiveCfg = Release|Win32
		{DBD2F2F5-6806-42EA-8D6D-1846E65F2F1C}.Release|x86.Build.0 = Release|Win32
		{BAD46021-90F0-41B9-811D-1762DC1025D7}.Debug|x64.ActiveCfg = Debug|x64
		{BAD46021-90F0-41B9-811D-1762DC1025D7}.Debug|x64.Build.0 = Debug|x64
		{BAD46021-90F0-41B9-811D-1762DC1025D7}.Debug|x86.ActiveCfg = Debug|Win32
		{BAD46021-90F0-41B9-811D-1762DC1025D7}.Debug|x86.Build.0 = Debug|Win32
		{BAD46021-90F0-41B9-811D-1762DC1025D7}.Release|x64.ActiveCfg = Release|x64
		{BAD46021-90F0-41B9-811D-1762DC1025D7}.Release|x64.Build.0 = Release|x64
		{BAD46021-90F0-41B9-811D-1762DC1025D7}.Release|x86.ActiveCfg = Release|Win32
		{BAD46021-90F0-41B9-811D-1762DC1025D7}.Release|x86.Build.0 = Release|Win32
		{537B0202-3891-4598-B65A-15B29F85137B}.Debug|x64.ActiveCfg = Debug|x64
		{537B0202-3891-4598-B65A-15B29F85137B}.Debug|x64.Build.0 = Debug|x64
		{537B0202-3891-4598-B65A-15B29F85137B}.Debug|x86.ActiveCfg = Debug|Win32
		{537B0202-3891-4598-B65A-15B29F85137B}.Debug|x86.Build.0 = Debug|Win32
		{537B0202-3891-4598-B65A-15B29F85137B}.Release|x64.ActiveCfg = Release|x64
		{537B0202-3891-4598-B65A-15B29F85137B}.Release|x64.Build.0 = Release|x64
		{537B0202-3891-4598-B65A-15B29F85137B}.Release|x86.ActiveCfg = Release|Win32
		{537B0202-3891-4598-B65A-15B29F85137B}.Release|x86.Build.0 = Release|Win32
		{CB82DFB0-6125-498F-9DB2-1CF6E38B187C}.Debug|x64.ActiveCfg = Debug|x64
		{CB82DFB0-6125-498F-9DB2-1CF6E38B187C}.Debug|x64.Build.0 = Debug|x64
		{CB82DFB0-6125-498F-9DB2-1CF6E38B187C}.Debug|x86.ActiveCfg = Debug|Win32
		{CB82DFB0-6125-498F-9DB2-1CF6E38B187C}.Debug|x86.Build.0 = Debug|Win32
		{CB82DFB0-6125-498F-9DB2-1CF6E38B187C}.Release|x64.ActiveCfg = Release|x64
		{CB82DFB0-6125-498F-9DB2-1CF6E38B187C}.Release|x64.Build.0 = Release|x64
		{CB82DFB0-6125-498F-9DB2-1CF6E38B187C}.Release|x86.ActiveCfg = Release|Win32
		{CB82DFB0-6125-498F-9DB2-1CF6E38B187C}.Release|x86.Build.0 = Release|Win32
		{4E14BFDE-7EA0-4CBF-BF14-A6D4C4AE8A52}.Debug|x64.ActiveCfg = Debug|x64
		{4E14BFDE-7EA0-4CBF-BF14-A6D4C4AE8A52}.Debug|x64.Build.0 = Debug|x64
		{4E14BFDE-7EA0-4CBF-BF14-A6D4C4AE8A52}.Debug|x86.ActiveCfg = Debug|Win32
		{4E14BFDE-7EA0-4CBF-BF14-A6D4C4AE8A52}.Debug|x86.Build.0 = Debug|Win32
		{4E14BFDE-7EA0-4CBF-BF14-A6D4C4AE8A52}.Release|x64.ActiveCfg = Release|x64
		{4E14BFDE-7EA0-4CBF-BF14-A6D4C4AE8A52}.Release|x64.Build.0 = Release|x64
		{4E14BFDE-7EA0-4CBF-BF14-A6D4C4AE8A52}.Release|x86.ActiveCfg = Release|Win32
		{4E14BFDE-7EA0-4CBF-BF14-A6D4C4AE8A52}.Release|x86.Build.0 = Release|Win32
		{049CBC3F-33B6-4F86-8325-16FC2DE1BF6A}.Debug|x64.ActiveCfg = Debug|x64
		{049CBC3F-33B6-4F86-8325-16FC2DE1BF6A}.Debug|x64.Build.0 = Debug|x64
		{049CBC3F-33B6-4F86-8325-16FC2DE1BF6A}.Debug|x86.ActiveCfg = Debug|Win32
		{049CBC3F-33B6-4F86-8325-16FC2DE1BF6A}.Debug|x86.Build.0 = Debug|Win32
		{049CBC3F-33B6-4F86-8325-16FC2DE1BF6A}.Release|x64.ActiveCfg = Release|x64
		{049CBC3F-33B6-4F86-8325-16FC2DE1BF6A}.Release|x64.Build.0 = Release|x64
		{049CBC3F-33B6-4F86-8325-16FC2DE1BF6A}.Release|x86.ActiveCfg = Release|Win32
		{049CBC3F-33B6-4F86-8325-16FC2DE1BF6A}.Release|x86.Build.0 = Release|Win32
		{7C07EC8B-3512-40C8-AE74-CFD9E56761D0}.Debug|x64.ActiveCfg = Debug|x64
		{7C07EC8B-3512-40C8-AE74-CFD9E56761D0}.Debug|x64.Build.0 = Debug|x64
		{7C07EC8B-3512-40C8-AE74-CFD9E56761D0}.Debug|x86.ActiveCfg = Debug|Win32
		{7C07EC8B-3512-40C8-AE74-CFD9E56761D0}.Debug|x86.Build.0 = Debug|Win32
		{7C07EC8B-3512-40C8-AE74-CFD9E56761D0}.Release|x64.ActiveCfg = Release|x64
		{7C07EC8B-3512-40C8-AE74-CFD9E56761D0}.Release|x64.Build.0 = Release|x64
		{7C07EC8B-3512-40C8-AE74-CFD9E56761D0}.Release|x86.ActiveCfg = Release|Win32
		{7C07EC8B-3512-40C8-AE74-CFD9E56761D0}.Release|x86.Build.0 = Release|Win32
		{D9B117AA-EACB-4FCD-907D-B3B03E9B84FA}.Debug|x64.ActiveCfg = Debug|x64
		{D9B117AA-EACB-4FCD-907D-B3B03E9B84FA}.Debug|x64.Build.0 = Debug|x64
		{D9B117AA-EACB-4FCD-907D-B3B03E9B84FA}.Debug|x86.ActiveCfg = Debug|Win32
		{D9B117AA-EACB-4FCD-907D-B3B03E9B84FA}.Debug|x86.Build.0 = Debug|Win32
		{D9B117AA-EACB-4FCD-907D-B3B03E9B84FA}.Release|x64.ActiveCfg = Release|x64
		{D9B117AA-EACB-4FCD-907D-B3B03E9B84FA}.Release|x64.Build.0 = Release|x64
		{D9B117AA-EACB-4FCD-907D-B3B03E9B84FA}.Release|x86.ActiveCfg = Release|Win32
		{D9B117AA-EACB-4FCD-907D-B3B03E9B84FA}.Release|x86.Build.0 = Release|Win32
		{3837ED6A-69DE-41C0-AEAC-E9B7050CABB2}.Debug|x64.ActiveCfg = Debug|x64
		{3837ED6A-69DE-41C0-AEAC-E9B7050CABB2}.Debug|x64.Build.0 = Debug|x64
		{3837ED6A-69DE-41C0-AEAC-E9B7050CABB2}.Debug|x86.ActiveCfg = Debug|Win32
		{3837ED6A-69DE-41C0-AEAC-E9B7050CABB2}.Debug|x86.Build.0 = Debug|Win32
		{3837ED6A-69DE-41C0-AEAC-E9B7050CABB2}.Release|x64.ActiveCfg = Release|x64
		{3837ED6A-69DE-41C0-AEAC-E9B7050CABB2}.Release|x64.Build.0 = Release|x64
		{3837ED6A-69DE-41C0-AEAC-E9B7050CABB2}.Release|x86.ActiveCfg = Release|Win32
		{3837ED6A-69DE-41C0-AEAC-E9B7050CABB2}.Release|x86.Build.0 = Release|Win32
	EndGlobalSection
	GlobalSection(SolutionProperties) = preSolution
		HideSolutionNode = FALSE
	EndGlobalSection
	GlobalSection(ExtensibilityGlobals) = postSolution
		SolutionGuid = {F04AA61F-D354-4C5A-A235-6F6238671E94}
	EndGlobalSection
EndGlobal
